
Microsoft Visual Studio Solution File, Format Version 12.00
# Visual Studio Version 16
VisualStudioVersion = 16.0.29102.190
MinimumVisualStudioVersion = 10.0.40219.1
Project("{FAE04EC0-301F-11D3-BF4B-00C04F79EFBC}") = "mywebapi", "mywebapi\mywebapi.csproj", "{111C87F1-DF41-49BF-8CBE-584C12E3512C}"
EndProject
Global
	GlobalSection(SolutionConfigurationPlatforms) = preSolution
		Debug|Any CPU = Debug|Any CPU
		Release|Any CPU = Release|Any CPU
	EndGlobalSection
	GlobalSection(ProjectConfigurationPlatforms) = postSolution
		{111C87F1-DF41-49BF-8CBE-584C12E3512C}.Debug|Any CPU.ActiveCfg = Debug|Any CPU
		{111C87F1-DF41-49BF-8CBE-584C12E3512C}.Debug|Any CPU.Build.0 = Debug|Any CPU
		{111C87F1-DF41-49BF-8CBE-584C12E3512C}.Release|Any CPU.ActiveCfg = Release|Any CPU
		{111C87F1-DF41-49BF-8CBE-584C12E3512C}.Release|Any CPU.Build.0 = Release|Any CPU
	EndGlobalSection
	GlobalSection(SolutionProperties) = preSolution
		HideSolutionNode = FALSE
	EndGlobalSection
	GlobalSection(ExtensibilityGlobals) = postSolution
		SolutionGuid = {C8A71A8A-4833-4C2A-93CA-55E39661EA5D}
	EndGlobalSection
EndGlobal
